// !$*UTF8*$!
{
	archiveVersion = 1;
	classes = {
	};
	objectVersion = 46;
	objects = {

/* Begin PBXBuildFile section */
		9E52B5291CB36952003F816E /* main.cpp in Sources */ = {isa = PBXBuildFile; fileRef = 9E52B5281CB36952003F816E /* main.cpp */; };
/* End PBXBuildFile section */

/* Begin PBXCopyFilesBuildPhase section */
		9E52B5231CB36952003F816E /* CopyFiles */ = {
			isa = PBXCopyFilesBuildPhase;
			buildActionMask = 2147483647;
			dstPath = /usr/share/man/man1/;
			dstSubfolderSpec = 0;
			files = (
			);
			runOnlyForDeploymentPostprocessing = 1;
		};
/* End PBXCopyFilesBuildPhase section */

/* Begin PBXFileReference section */
		9E52B5251CB36952003F816E /* zoo */ = {isa = PBXFileReference; explicitFileType = "compiled.mach-o.executable"; includeInIndex = 0; path = zoo; sourceTree = BUILT_PRODUCTS_DIR; };
		9E52B5281CB36952003F816E /* main.cpp */ = {isa = PBXFileReference; lastKnownFileType = sourcecode.cpp.cpp; path = main.cpp; sourceTree = "<group>"; };
		9E52B52F1CB36997003F816E /* zoo.h */ = {isa = PBXFileReference; lastKnownFileType = sourcecode.c.h; path = zoo.h; sourceTree = "<group>"; };
		9E52B5301CB36C76003F816E /* stockfile1.txt */ = {isa = PBXFileReference; lastKnownFileType = text; path = stockfile1.txt; sourceTree = "<group>"; };
		9E65E2C41CB4BBD400AE98AA /* stockfile2.txt */ = {isa = PBXFileReference; lastKnownFileType = text; path = stockfile2.txt; sourceTree = "<group>"; };
		9E65E2C61CB4D09100AE98AA /* livestock.h */ = {isa = PBXFileReference; lastKnownFileType = sourcecode.c.h; path = livestock.h; sourceTree = "<group>"; };
		9EBE2BEA1CB41712005DA66F /* animal.h */ = {isa = PBXFileReference; lastKnownFileType = sourcecode.c.h; path = animal.h; sourceTree = "<group>"; };
		9EC061F51CBDF62C009BFB10 /* vector.h */ = {isa = PBXFileReference; lastKnownFileType = sourcecode.c.h; path = vector.h; sourceTree = "<group>"; };
		9EC061F61CBDF688009BFB10 /* iterator.h */ = {isa = PBXFileReference; lastKnownFileType = sourcecode.c.h; path = iterator.h; sourceTree = "<group>"; };
		9EC061F71CBDF6A5009BFB10 /* const_iterator.h */ = {isa = PBXFileReference; lastKnownFileType = sourcecode.c.h; path = const_iterator.h; sourceTree = "<group>"; };
		9EC061F81CBDFC0C009BFB10 /* testclass.h */ = {isa = PBXFileReference; lastKnownFileType = sourcecode.c.h; path = testclass.h; sourceTree = "<group>"; };
/* End PBXFileReference section */

/* Begin PBXFrameworksBuildPhase section */
		9E52B5221CB36952003F816E /* Frameworks */ = {
			isa = PBXFrameworksBuildPhase;
			buildActionMask = 2147483647;
			files = (
			);
			runOnlyForDeploymentPostprocessing = 0;
		};
/* End PBXFrameworksBuildPhase section */

/* Begin PBXGroup section */
		9E52B51C1CB36952003F816E = {
			isa = PBXGroup;
			children = (
				9E52B5271CB36952003F816E /* zoo */,
				9E52B5261CB36952003F816E /* Products */,
			);
			sourceTree = "<group>";
		};
		9E52B5261CB36952003F816E /* Products */ = {
			isa = PBXGroup;
			children = (
				9E52B5251CB36952003F816E /* zoo */,
			);
			name = Products;
			sourceTree = "<group>";
		};
		9E52B5271CB36952003F816E /* zoo */ = {
			isa = PBXGroup;
			children = (
				9E52B5301CB36C76003F816E /* stockfile1.txt */,
				9E65E2C41CB4BBD400AE98AA /* stockfile2.txt */,
				9E52B5281CB36952003F816E /* main.cpp */,
				9E52B52F1CB36997003F816E /* zoo.h */,
				9EBE2BEA1CB41712005DA66F /* animal.h */,
				9E65E2C61CB4D09100AE98AA /* livestock.h */,
				9EC061F51CBDF62C009BFB10 /* vector.h */,
				9EC061F61CBDF688009BFB10 /* iterator.h */,
				9EC061F71CBDF6A5009BFB10 /* const_iterator.h */,
				9EC061F81CBDFC0C009BFB10 /* testclass.h */,
			);
			path = zoo;
			sourceTree = "<group>";
		};
/* End PBXGroup section */

/* Begin PBXNativeTarget section */
		9E52B5241CB36952003F816E /* zoo */ = {
			isa = PBXNativeTarget;
			buildConfigurationList = 9E52B52C1CB36952003F816E /* Build configuration list for PBXNativeTarget "zoo" */;
			buildPhases = (
				9E52B5211CB36952003F816E /* Sources */,
				9E52B5221CB36952003F816E /* Frameworks */,
				9E52B5231CB36952003F816E /* CopyFiles */,
			);
			buildRules = (
			);
			dependencies = (
			);
			name = zoo;
			productName = zoo;
			productReference = 9E52B5251CB36952003F816E /* zoo */;
			productType = "com.apple.product-type.tool";
		};
/* End PBXNativeTarget section */

/* Begin PBXProject section */
		9E52B51D1CB36952003F816E /* Project object */ = {
			isa = PBXProject;
			attributes = {
				LastUpgradeCheck = 0730;
				ORGANIZATIONNAME = "Abdelrahman Ahmed";
				TargetAttributes = {
					9E52B5241CB36952003F816E = {
						CreatedOnToolsVersion = 7.3;
					};
				};
			};
			buildConfigurationList = 9E52B5201CB36952003F816E /* Build configuration list for PBXProject "zoo" */;
			compatibilityVersion = "Xcode 3.2";
			developmentRegion = English;
			hasScannedForEncodings = 0;
			knownRegions = (
				en,
			);
			mainGroup = 9E52B51C1CB36952003F816E;
			productRefGroup = 9E52B5261CB36952003F816E /* Products */;
			projectDirPath = "";
			projectRoot = "";
			targets = (
				9E52B5241CB36952003F816E /* zoo */,
			);
		};
/* End PBXProject section */

/* Begin PBXSourcesBuildPhase section */
		9E52B5211CB36952003F816E /* Sources */ = {
			isa = PBXSourcesBuildPhase;
			buildActionMask = 2147483647;
			files = (
				9E52B5291CB36952003F816E /* main.cpp in Sources */,
			);
			runOnlyForDeploymentPostprocessing = 0;
		};
/* End PBXSourcesBuildPhase section */

/* Begin XCBuildConfiguration section */
		9E52B52A1CB36952003F816E /* Debug */ = {
			isa = XCBuildConfiguration;
			buildSettings = {
				ALWAYS_SEARCH_USER_PATHS = NO;
				CLANG_ANALYZER_NONNULL = YES;
				CLANG_CXX_LANGUAGE_STANDARD = "gnu++0x";
				CLANG_CXX_LIBRARY = "libc++";
				CLANG_ENABLE_MODULES = YES;
				CLANG_ENABLE_OBJC_ARC = YES;
				CLANG_WARN_BOOL_CONVERSION = YES;
				CLANG_WARN_CONSTANT_CONVERSION = YES;
				CLANG_WARN_DIRECT_OBJC_ISA_USAGE = YES_ERROR;
				CLANG_WARN_EMPTY_BODY = YES;
				CLANG_WARN_ENUM_CONVERSION = YES;
				CLANG_WARN_INT_CONVERSION = YES;
				CLANG_WARN_OBJC_ROOT_CLASS = YES_ERROR;
				CLANG_WARN_UNREACHABLE_CODE = YES;
				CLANG_WARN__DUPLICATE_METHOD_MATCH = YES;
				CODE_SIGN_IDENTITY = "-";
				COPY_PHASE_STRIP = NO;
				DEBUG_INFORMATION_FORMAT = dwarf;
				ENABLE_STRICT_OBJC_MSGSEND = YES;
				ENABLE_TESTABILITY = YES;
				GCC_C_LANGUAGE_STANDARD = gnu99;
				GCC_DYNAMIC_NO_PIC = NO;
				GCC_NO_COMMON_BLOCKS = YES;
				GCC_OPTIMIZATION_LEVEL = 0;
				GCC_PREPROCESSOR_DEFINITIONS = (
					"DEBUG=1",
					"$(inherited)",
				);
				GCC_WARN_64_TO_32_BIT_CONVERSION = YES;
				GCC_WARN_ABOUT_RETURN_TYPE = YES_ERROR;
				GCC_WARN_UNDECLARED_SELECTOR = YES;
				GCC_WARN_UNINITIALIZED_AUTOS = YES_AGGRESSIVE;
				GCC_WARN_UNUSED_FUNCTION = YES;
				GCC_WARN_UNUSED_VARIABLE = YES;
				MACOSX_DEPLOYMENT_TARGET = 10.11;
				MTL_ENABLE_DEBUG_INFO = YES;
				ONLY_ACTIVE_ARCH = YES;
				SDKROOT = macosx;
			};
			name = Debug;
		};
		9E52B52B1CB36952003F816E /* Release */ = {
			isa = XCBuildConfiguration;
			buildSettings = {
				ALWAYS_SEARCH_USER_PATHS = NO;
				CLANG_ANALYZER_NONNULL = YES;
				CLANG_CXX_LANGUAGE_STANDARD = "gnu++0x";
				CLANG_CXX_LIBRARY = "libc++";
				CLANG_ENABLE_MODULES = YES;
				CLANG_ENABLE_OBJC_ARC = YES;
				CLANG_WARN_BOOL_CONVERSION = YES;
				CLANG_WARN_CONSTANT_CONVERSION = YES;
				CLANG_WARN_DIRECT_OBJC_ISA_USAGE = YES_ERROR;
				CLANG_WARN_EMPTY_BODY = YES;
				CLANG_WARN_ENUM_CONVERSION = YES;
				CLANG_WARN_INT_CONVERSION = YES;
				CLANG_WARN_OBJC_ROOT_CLASS = YES_ERROR;
				CLANG_WARN_UNREACHABLE_CODE = YES;
				CLANG_WARN__DUPLICATE_METHOD_MATCH = YES;
				CODE_SIGN_IDENTITY = "-";
				COPY_PHASE_STRIP = NO;
				DEBUG_INFORMATION_FORMAT = "dwarf-with-dsym";
				ENABLE_NS_ASSERTIONS = NO;
				ENABLE_STRICT_OBJC_MSGSEND = YES;
				GCC_C_LANGUAGE_STANDARD = gnu99;
				GCC_NO_COMMON_BLOCKS = YES;
				GCC_WARN_64_TO_32_BIT_CONVERSION = YES;
				GCC_WARN_ABOUT_RETURN_TYPE = YES_ERROR;
				GCC_WARN_UNDECLARED_SELECTOR = YES;
				GCC_WARN_UNINITIALIZED_AUTOS = YES_AGGRESSIVE;
				GCC_WARN_UNUSED_FUNCTION = YES;
				GCC_WARN_UNUSED_VARIABLE = YES;
				MACOSX_DEPLOYMENT_TARGET = 10.11;
				MTL_ENABLE_DEBUG_INFO = NO;
				SDKROOT = macosx;
			};
			name = Release;
		};
		9E52B52D1CB36952003F816E /* Debug */ = {
			isa = XCBuildConfiguration;
			buildSettings = {
				PRODUCT_NAME = "$(TARGET_NAME)";
			};
			name = Debug;
		};
		9E52B52E1CB36952003F816E /* Release */ = {
			isa = XCBuildConfiguration;
			buildSettings = {
				PRODUCT_NAME = "$(TARGET_NAME)";
			};
			name = Release;
		};
/* End XCBuildConfiguration section */

/* Begin XCConfigurationList section */
		9E52B5201CB36952003F816E /* Build configuration list for PBXProject "zoo" */ = {
			isa = XCConfigurationList;
			buildConfigurations = (
				9E52B52A1CB36952003F816E /* Debug */,
				9E52B52B1CB36952003F816E /* Release */,
			);
			defaultConfigurationIsVisible = 0;
			defaultConfigurationName = Release;
		};
		9E52B52C1CB36952003F816E /* Build configuration list for PBXNativeTarget "zoo" */ = {
			isa = XCConfigurationList;
			buildConfigurations = (
				9E52B52D1CB36952003F816E /* Debug */,
				9E52B52E1CB36952003F816E /* Release */,
			);
			defaultConfigurationIsVisible = 0;
			defaultConfigurationName = Release;
		};
/* End XCConfigurationList section */
	};
	rootObject = 9E52B51D1CB36952003F816E /* Project object */;
}
